
Microsoft Visual Studio Solution File, Format Version 12.00
# Visual Studio Version 17
VisualStudioVersion = 17.0.31903.59
MinimumVisualStudioVersion = 10.0.40219.1
Project("{2150E333-8FDC-42A3-9474-1A3956D46DE8}") = "src", "src", "{827E0CD3-B72D-47B6-A68D-7590B98EB39B}"
EndProject
Project("{FAE04EC0-301F-11D3-BF4B-00C04F79EFBC}") = "TakEngine.Abstractions", "src\TakEngine.Abstractions\TakEngine.Abstractions.csproj", "{2213088E-B67B-4254-93B0-C487DA86780E}"
EndProject
Project("{FAE04EC0-301F-11D3-BF4B-00C04F79EFBC}") = "TakEngine.Core", "src\TakEngine.Core\TakEngine.Core.csproj", "{90F8BE51-1791-482F-A97D-FED76D964C26}"
EndProject
Project("{FAE04EC0-301F-11D3-BF4B-00C04F79EFBC}") = "TakEngine.Transport", "src\TakEngine.Transport\TakEngine.Transport.csproj", "{FEFC3453-92DC-4880-A0AB-3E68F37BD0FA}"
EndProject
Project("{FAE04EC0-301F-11D3-BF4B-00C04F79EFBC}") = "TakApp.Cli", "src\TakApp.Cli\TakApp.Cli.csproj", "{5CAC346A-30D9-4D91-B6CC-6128C3B1D00E}"
EndProject
Project("{FAE04EC0-301F-11D3-BF4B-00C04F79EFBC}") = "TakApp.Avalonia", "src\TakApp.Avalonia\TakApp.Avalonia.csproj", "{802830BD-562E-411E-BB70-4A4441F0EC84}"
EndProject
Project("{2150E333-8FDC-42A3-9474-1A3956D46DE8}") = "tests", "tests", "{0AB3BF05-4346-4AA6-1389-037BE0695223}"
EndProject
Project("{FAE04EC0-301F-11D3-BF4B-00C04F79EFBC}") = "TakEngine.Core.Tests", "tests\TakEngine.Core.Tests\TakEngine.Core.Tests.csproj", "{A92DCC91-52B8-449E-BD22-50C92E3687FE}"
EndProject
Project("{FAE04EC0-301F-11D3-BF4B-00C04F79EFBC}") = "TakEngine.Transport.Tests", "tests\TakEngine.Transport.Tests\TakEngine.Transport.Tests.csproj", "{2DD978C5-949F-4B6B-BDBB-4F442E713CE4}"
EndProject
Project("{FAE04EC0-301F-11D3-BF4B-00C04F79EFBC}") = "TakApp.Blazor", "src\TakApp.Blazor\TakApp.Blazor.csproj", "{A5E05E36-6349-49FB-82B9-F8D884705541}"
EndProject
Project("{FAE04EC0-301F-11D3-BF4B-00C04F79EFBC}") = "TakApp.Avalonia.Desktop", "src\TakApp.Avalonia.Desktop\TakApp.Avalonia.Desktop.csproj", "{92B2D494-E84F-40DD-AA8C-5B23D6BBB072}"
EndProject
Project("{FAE04EC0-301F-11D3-BF4B-00C04F79EFBC}") = "TakApp.Avalonia.Android", "src\TakApp.Avalonia.Android\TakApp.Avalonia.Android.csproj", "{ABDD64E7-0DB2-453B-BC9C-68C3B7875696}"
EndProject
Project("{FAE04EC0-301F-11D3-BF4B-00C04F79EFBC}") = "TakApp.Avalonia.iOS", "src\TakApp.Avalonia.iOS\TakApp.Avalonia.iOS.csproj", "{6BF27C82-99AE-4B51-BD09-6D9ADD1E57D5}"
EndProject
Global
	GlobalSection(SolutionConfigurationPlatforms) = preSolution
		Debug|Any CPU = Debug|Any CPU
		Debug|x64 = Debug|x64
		Debug|x86 = Debug|x86
		Release|Any CPU = Release|Any CPU
		Release|x64 = Release|x64
		Release|x86 = Release|x86
	EndGlobalSection
	GlobalSection(ProjectConfigurationPlatforms) = postSolution
		{2213088E-B67B-4254-93B0-C487DA86780E}.Debug|Any CPU.ActiveCfg = Debug|Any CPU
		{2213088E-B67B-4254-93B0-C487DA86780E}.Debug|Any CPU.Build.0 = Debug|Any CPU
		{2213088E-B67B-4254-93B0-C487DA86780E}.Debug|x64.ActiveCfg = Debug|Any CPU
		{2213088E-B67B-4254-93B0-C487DA86780E}.Debug|x64.Build.0 = Debug|Any CPU
		{2213088E-B67B-4254-93B0-C487DA86780E}.Debug|x86.ActiveCfg = Debug|Any CPU
		{2213088E-B67B-4254-93B0-C487DA86780E}.Debug|x86.Build.0 = Debug|Any CPU
		{2213088E-B67B-4254-93B0-C487DA86780E}.Release|Any CPU.ActiveCfg = Release|Any CPU
		{2213088E-B67B-4254-93B0-C487DA86780E}.Release|Any CPU.Build.0 = Release|Any CPU
		{2213088E-B67B-4254-93B0-C487DA86780E}.Release|x64.ActiveCfg = Release|Any CPU
		{2213088E-B67B-4254-93B0-C487DA86780E}.Release|x64.Build.0 = Release|Any CPU
		{2213088E-B67B-4254-93B0-C487DA86780E}.Release|x86.ActiveCfg = Release|Any CPU
		{2213088E-B67B-4254-93B0-C487DA86780E}.Release|x86.Build.0 = Release|Any CPU
		{90F8BE51-1791-482F-A97D-FED76D964C26}.Debug|Any CPU.ActiveCfg = Debug|Any CPU
		{90F8BE51-1791-482F-A97D-FED76D964C26}.Debug|Any CPU.Build.0 = Debug|Any CPU
		{90F8BE51-1791-482F-A97D-FED76D964C26}.Debug|x64.ActiveCfg = Debug|Any CPU
		{90F8BE51-1791-482F-A97D-FED76D964C26}.Debug|x64.Build.0 = Debug|Any CPU
		{90F8BE51-1791-482F-A97D-FED76D964C26}.Debug|x86.ActiveCfg = Debug|Any CPU
		{90F8BE51-1791-482F-A97D-FED76D964C26}.Debug|x86.Build.0 = Debug|Any CPU
		{90F8BE51-1791-482F-A97D-FED76D964C26}.Release|Any CPU.ActiveCfg = Release|Any CPU
		{90F8BE51-1791-482F-A97D-FED76D964C26}.Release|Any CPU.Build.0 = Release|Any CPU
		{90F8BE51-1791-482F-A97D-FED76D964C26}.Release|x64.ActiveCfg = Release|Any CPU
		{90F8BE51-1791-482F-A97D-FED76D964C26}.Release|x64.Build.0 = Release|Any CPU
		{90F8BE51-1791-482F-A97D-FED76D964C26}.Release|x86.ActiveCfg = Release|Any CPU
		{90F8BE51-1791-482F-A97D-FED76D964C26}.Release|x86.Build.0 = Release|Any CPU
		{FEFC3453-92DC-4880-A0AB-3E68F37BD0FA}.Debug|Any CPU.ActiveCfg = Debug|Any CPU
		{FEFC3453-92DC-4880-A0AB-3E68F37BD0FA}.Debug|Any CPU.Build.0 = Debug|Any CPU
		{FEFC3453-92DC-4880-A0AB-3E68F37BD0FA}.Debug|x64.ActiveCfg = Debug|Any CPU
		{FEFC3453-92DC-4880-A0AB-3E68F37BD0FA}.Debug|x64.Build.0 = Debug|Any CPU
		{FEFC3453-92DC-4880-A0AB-3E68F37BD0FA}.Debug|x86.ActiveCfg = Debug|Any CPU
		{FEFC3453-92DC-4880-A0AB-3E68F37BD0FA}.Debug|x86.Build.0 = Debug|Any CPU
		{FEFC3453-92DC-4880-A0AB-3E68F37BD0FA}.Release|Any CPU.ActiveCfg = Release|Any CPU
		{FEFC3453-92DC-4880-A0AB-3E68F37BD0FA}.Release|Any CPU.Build.0 = Release|Any CPU
		{FEFC3453-92DC-4880-A0AB-3E68F37BD0FA}.Release|x64.ActiveCfg = Release|Any CPU
		{FEFC3453-92DC-4880-A0AB-3E68F37BD0FA}.Release|x64.Build.0 = Release|Any CPU
		{FEFC3453-92DC-4880-A0AB-3E68F37BD0FA}.Release|x86.ActiveCfg = Release|Any CPU
		{FEFC3453-92DC-4880-A0AB-3E68F37BD0FA}.Release|x86.Build.0 = Release|Any CPU
		{5CAC346A-30D9-4D91-B6CC-6128C3B1D00E}.Debug|Any CPU.ActiveCfg = Debug|Any CPU
		{5CAC346A-30D9-4D91-B6CC-6128C3B1D00E}.Debug|Any CPU.Build.0 = Debug|Any CPU
		{5CAC346A-30D9-4D91-B6CC-6128C3B1D00E}.Debug|x64.ActiveCfg = Debug|Any CPU
		{5CAC346A-30D9-4D91-B6CC-6128C3B1D00E}.Debug|x64.Build.0 = Debug|Any CPU
		{5CAC346A-30D9-4D91-B6CC-6128C3B1D00E}.Debug|x86.ActiveCfg = Debug|Any CPU
		{5CAC346A-30D9-4D91-B6CC-6128C3B1D00E}.Debug|x86.Build.0 = Debug|Any CPU
		{5CAC346A-30D9-4D91-B6CC-6128C3B1D00E}.Release|Any CPU.ActiveCfg = Release|Any CPU
		{5CAC346A-30D9-4D91-B6CC-6128C3B1D00E}.Release|Any CPU.Build.0 = Release|Any CPU
		{5CAC346A-30D9-4D91-B6CC-6128C3B1D00E}.Release|x64.ActiveCfg = Release|Any CPU
		{5CAC346A-30D9-4D91-B6CC-6128C3B1D00E}.Release|x64.Build.0 = Release|Any CPU
		{5CAC346A-30D9-4D91-B6CC-6128C3B1D00E}.Release|x86.ActiveCfg = Release|Any CPU
		{5CAC346A-30D9-4D91-B6CC-6128C3B1D00E}.Release|x86.Build.0 = Release|Any CPU
		{802830BD-562E-411E-BB70-4A4441F0EC84}.Debug|Any CPU.ActiveCfg = Debug|Any CPU
		{802830BD-562E-411E-BB70-4A4441F0EC84}.Debug|Any CPU.Build.0 = Debug|Any CPU
		{802830BD-562E-411E-BB70-4A4441F0EC84}.Debug|x64.ActiveCfg = Debug|Any CPU
		{802830BD-562E-411E-BB70-4A4441F0EC84}.Debug|x64.Build.0 = Debug|Any CPU
		{802830BD-562E-411E-BB70-4A4441F0EC84}.Debug|x86.ActiveCfg = Debug|Any CPU
		{802830BD-562E-411E-BB70-4A4441F0EC84}.Debug|x86.Build.0 = Debug|Any CPU
		{802830BD-562E-411E-BB70-4A4441F0EC84}.Release|Any CPU.ActiveCfg = Release|Any CPU
		{802830BD-562E-411E-BB70-4A4441F0EC84}.Release|Any CPU.Build.0 = Release|Any CPU
		{802830BD-562E-411E-BB70-4A4441F0EC84}.Release|x64.ActiveCfg = Release|Any CPU
		{802830BD-562E-411E-BB70-4A4441F0EC84}.Release|x64.Build.0 = Release|Any CPU
		{802830BD-562E-411E-BB70-4A4441F0EC84}.Release|x86.ActiveCfg = Release|Any CPU
		{802830BD-562E-411E-BB70-4A4441F0EC84}.Release|x86.Build.0 = Release|Any CPU
		{A92DCC91-52B8-449E-BD22-50C92E3687FE}.Debug|Any CPU.ActiveCfg = Debug|Any CPU
		{A92DCC91-52B8-449E-BD22-50C92E3687FE}.Debug|Any CPU.Build.0 = Debug|Any CPU
		{A92DCC91-52B8-449E-BD22-50C92E3687FE}.Debug|x64.ActiveCfg = Debug|Any CPU
		{A92DCC91-52B8-449E-BD22-50C92E3687FE}.Debug|x64.Build.0 = Debug|Any CPU
		{A92DCC91-52B8-449E-BD22-50C92E3687FE}.Debug|x86.ActiveCfg = Debug|Any CPU
		{A92DCC91-52B8-449E-BD22-50C92E3687FE}.Debug|x86.Build.0 = Debug|Any CPU
		{A92DCC91-52B8-449E-BD22-50C92E3687FE}.Release|Any CPU.ActiveCfg = Release|Any CPU
		{A92DCC91-52B8-449E-BD22-50C92E3687FE}.Release|Any CPU.Build.0 = Release|Any CPU
		{A92DCC91-52B8-449E-BD22-50C92E3687FE}.Release|x64.ActiveCfg = Release|Any CPU
		{A92DCC91-52B8-449E-BD22-50C92E3687FE}.Release|x64.Build.0 = Release|Any CPU
		{A92DCC91-52B8-449E-BD22-50C92E3687FE}.Release|x86.ActiveCfg = Release|Any CPU
		{A92DCC91-52B8-449E-BD22-50C92E3687FE}.Release|x86.Build.0 = Release|Any CPU
		{2DD978C5-949F-4B6B-BDBB-4F442E713CE4}.Debug|Any CPU.ActiveCfg = Debug|Any CPU
		{2DD978C5-949F-4B6B-BDBB-4F442E713CE4}.Debug|Any CPU.Build.0 = Debug|Any CPU
		{2DD978C5-949F-4B6B-BDBB-4F442E713CE4}.Debug|x64.ActiveCfg = Debug|Any CPU
		{2DD978C5-949F-4B6B-BDBB-4F442E713CE4}.Debug|x64.Build.0 = Debug|Any CPU
		{2DD978C5-949F-4B6B-BDBB-4F442E713CE4}.Debug|x86.ActiveCfg = Debug|Any CPU
		{2DD978C5-949F-4B6B-BDBB-4F442E713CE4}.Debug|x86.Build.0 = Debug|Any CPU
		{2DD978C5-949F-4B6B-BDBB-4F442E713CE4}.Release|Any CPU.ActiveCfg = Release|Any CPU
		{2DD978C5-949F-4B6B-BDBB-4F442E713CE4}.Release|Any CPU.Build.0 = Release|Any CPU
		{2DD978C5-949F-4B6B-BDBB-4F442E713CE4}.Release|x64.ActiveCfg = Release|Any CPU
		{2DD978C5-949F-4B6B-BDBB-4F442E713CE4}.Release|x64.Build.0 = Release|Any CPU
		{2DD978C5-949F-4B6B-BDBB-4F442E713CE4}.Release|x86.ActiveCfg = Release|Any CPU
		{2DD978C5-949F-4B6B-BDBB-4F442E713CE4}.Release|x86.Build.0 = Release|Any CPU
		{A5E05E36-6349-49FB-82B9-F8D884705541}.Debug|Any CPU.ActiveCfg = Debug|Any CPU
		{A5E05E36-6349-49FB-82B9-F8D884705541}.Debug|Any CPU.Build.0 = Debug|Any CPU
		{A5E05E36-6349-49FB-82B9-F8D884705541}.Debug|x64.ActiveCfg = Debug|Any CPU
		{A5E05E36-6349-49FB-82B9-F8D884705541}.Debug|x64.Build.0 = Debug|Any CPU
		{A5E05E36-6349-49FB-82B9-F8D884705541}.Debug|x86.ActiveCfg = Debug|Any CPU
		{A5E05E36-6349-49FB-82B9-F8D884705541}.Debug|x86.Build.0 = Debug|Any CPU
		{A5E05E36-6349-49FB-82B9-F8D884705541}.Release|Any CPU.ActiveCfg = Release|Any CPU
		{A5E05E36-6349-49FB-82B9-F8D884705541}.Release|Any CPU.Build.0 = Release|Any CPU
		{A5E05E36-6349-49FB-82B9-F8D884705541}.Release|x64.ActiveCfg = Release|Any CPU
		{A5E05E36-6349-49FB-82B9-F8D884705541}.Release|x64.Build.0 = Release|Any CPU
		{A5E05E36-6349-49FB-82B9-F8D884705541}.Release|x86.ActiveCfg = Release|Any CPU
		{A5E05E36-6349-49FB-82B9-F8D884705541}.Release|x86.Build.0 = Release|Any CPU
		{92B2D494-E84F-40DD-AA8C-5B23D6BBB072}.Debug|Any CPU.ActiveCfg = Debug|Any CPU
		{92B2D494-E84F-40DD-AA8C-5B23D6BBB072}.Debug|Any CPU.Build.0 = Debug|Any CPU
		{92B2D494-E84F-40DD-AA8C-5B23D6BBB072}.Debug|x64.ActiveCfg = Debug|Any CPU
		{92B2D494-E84F-40DD-AA8C-5B23D6BBB072}.Debug|x64.Build.0 = Debug|Any CPU
		{92B2D494-E84F-40DD-AA8C-5B23D6BBB072}.Debug|x86.ActiveCfg = Debug|Any CPU
		{92B2D494-E84F-40DD-AA8C-5B23D6BBB072}.Debug|x86.Build.0 = Debug|Any CPU
		{92B2D494-E84F-40DD-AA8C-5B23D6BBB072}.Release|Any CPU.ActiveCfg = Release|Any CPU
		{92B2D494-E84F-40DD-AA8C-5B23D6BBB072}.Release|Any CPU.Build.0 = Release|Any CPU
		{92B2D494-E84F-40DD-AA8C-5B23D6BBB072}.Release|x64.ActiveCfg = Release|Any CPU
		{92B2D494-E84F-40DD-AA8C-5B23D6BBB072}.Release|x64.Build.0 = Release|Any CPU
		{92B2D494-E84F-40DD-AA8C-5B23D6BBB072}.Release|x86.ActiveCfg = Release|Any CPU
		{92B2D494-E84F-40DD-AA8C-5B23D6BBB072}.Release|x86.Build.0 = Release|Any CPU
		{ABDD64E7-0DB2-453B-BC9C-68C3B7875696}.Debug|Any CPU.ActiveCfg = Debug|Any CPU
		{ABDD64E7-0DB2-453B-BC9C-68C3B7875696}.Debug|Any CPU.Build.0 = Debug|Any CPU
		{ABDD64E7-0DB2-453B-BC9C-68C3B7875696}.Debug|x64.ActiveCfg = Debug|Any CPU
		{ABDD64E7-0DB2-453B-BC9C-68C3B7875696}.Debug|x64.Build.0 = Debug|Any CPU
		{ABDD64E7-0DB2-453B-BC9C-68C3B7875696}.Debug|x86.ActiveCfg = Debug|Any CPU
		{ABDD64E7-0DB2-453B-BC9C-68C3B7875696}.Debug|x86.Build.0 = Debug|Any CPU
		{ABDD64E7-0DB2-453B-BC9C-68C3B7875696}.Release|Any CPU.ActiveCfg = Release|Any CPU
		{ABDD64E7-0DB2-453B-BC9C-68C3B7875696}.Release|Any CPU.Build.0 = Release|Any CPU
		{ABDD64E7-0DB2-453B-BC9C-68C3B7875696}.Release|x64.ActiveCfg = Release|Any CPU
		{ABDD64E7-0DB2-453B-BC9C-68C3B7875696}.Release|x64.Build.0 = Release|Any CPU
		{ABDD64E7-0DB2-453B-BC9C-68C3B7875696}.Release|x86.ActiveCfg = Release|Any CPU
		{ABDD64E7-0DB2-453B-BC9C-68C3B7875696}.Release|x86.Build.0 = Release|Any CPU
		{6BF27C82-99AE-4B51-BD09-6D9ADD1E57D5}.Debug|Any CPU.ActiveCfg = Debug|Any CPU
		{6BF27C82-99AE-4B51-BD09-6D9ADD1E57D5}.Debug|Any CPU.Build.0 = Debug|Any CPU
		{6BF27C82-99AE-4B51-BD09-6D9ADD1E57D5}.Debug|x64.ActiveCfg = Debug|Any CPU
		{6BF27C82-99AE-4B51-BD09-6D9ADD1E57D5}.Debug|x64.Build.0 = Debug|Any CPU
		{6BF27C82-99AE-4B51-BD09-6D9ADD1E57D5}.Debug|x86.ActiveCfg = Debug|Any CPU
		{6BF27C82-99AE-4B51-BD09-6D9ADD1E57D5}.Debug|x86.Build.0 = Debug|Any CPU
		{6BF27C82-99AE-4B51-BD09-6D9ADD1E57D5}.Release|Any CPU.ActiveCfg = Release|Any CPU
		{6BF27C82-99AE-4B51-BD09-6D9ADD1E57D5}.Release|Any CPU.Build.0 = Release|Any CPU
		{6BF27C82-99AE-4B51-BD09-6D9ADD1E57D5}.Release|x64.ActiveCfg = Release|Any CPU
		{6BF27C82-99AE-4B51-BD09-6D9ADD1E57D5}.Release|x64.Build.0 = Release|Any CPU
		{6BF27C82-99AE-4B51-BD09-6D9ADD1E57D5}.Release|x86.ActiveCfg = Release|Any CPU
		{6BF27C82-99AE-4B51-BD09-6D9ADD1E57D5}.Release|x86.Build.0 = Release|Any CPU
	EndGlobalSection
	GlobalSection(SolutionProperties) = preSolution
		HideSolutionNode = FALSE
	EndGlobalSection
	GlobalSection(NestedProjects) = preSolution
		{2213088E-B67B-4254-93B0-C487DA86780E} = {827E0CD3-B72D-47B6-A68D-7590B98EB39B}
		{90F8BE51-1791-482F-A97D-FED76D964C26} = {827E0CD3-B72D-47B6-A68D-7590B98EB39B}
		{FEFC3453-92DC-4880-A0AB-3E68F37BD0FA} = {827E0CD3-B72D-47B6-A68D-7590B98EB39B}
		{5CAC346A-30D9-4D91-B6CC-6128C3B1D00E} = {827E0CD3-B72D-47B6-A68D-7590B98EB39B}
		{802830BD-562E-411E-BB70-4A4441F0EC84} = {827E0CD3-B72D-47B6-A68D-7590B98EB39B}
		{A92DCC91-52B8-449E-BD22-50C92E3687FE} = {0AB3BF05-4346-4AA6-1389-037BE0695223}
		{2DD978C5-949F-4B6B-BDBB-4F442E713CE4} = {0AB3BF05-4346-4AA6-1389-037BE0695223}
		{A5E05E36-6349-49FB-82B9-F8D884705541} = {827E0CD3-B72D-47B6-A68D-7590B98EB39B}
		{92B2D494-E84F-40DD-AA8C-5B23D6BBB072} = {827E0CD3-B72D-47B6-A68D-7590B98EB39B}
		{ABDD64E7-0DB2-453B-BC9C-68C3B7875696} = {827E0CD3-B72D-47B6-A68D-7590B98EB39B}
		{6BF27C82-99AE-4B51-BD09-6D9ADD1E57D5} = {827E0CD3-B72D-47B6-A68D-7590B98EB39B}
	EndGlobalSection
EndGlobal
